
Microsoft Visual Studio Solution File, Format Version 12.00
# Visual Studio Version 17
VisualStudioVersion = 17.14.37012.4 d17.14
MinimumVisualStudioVersion = 10.0.40219.1
Project("{FAE04EC0-301F-11D3-BF4B-00C04F79EFBC}") = "BanquetHall", "BanquetHall.csproj", "{7E740D51-1A00-1792-3267-E8375F165A3C}"
EndProject
Global
	GlobalSection(SolutionConfigurationPlatforms) = preSolution
		Debug|Any CPU = Debug|Any CPU
		Release|Any CPU = Release|Any CPU
	EndGlobalSection
	GlobalSection(ProjectConfigurationPlatforms) = postSolution
		{7E740D51-1A00-1792-3267-E8375F165A3C}.Debug|Any CPU.ActiveCfg = Debug|Any CPU
		{7E740D51-1A00-1792-3267-E8375F165A3C}.Debug|Any CPU.Build.0 = Debug|Any CPU
		{7E740D51-1A00-1792-3267-E8375F165A3C}.Release|Any CPU.ActiveCfg = Release|Any CPU
		{7E740D51-1A00-1792-3267-E8375F165A3C}.Release|Any CPU.Build.0 = Release|Any CPU
	EndGlobalSection
	GlobalSection(SolutionProperties) = preSolution
		HideSolutionNode = FALSE
	EndGlobalSection
	GlobalSection(ExtensibilityGlobals) = postSolution
		SolutionGuid = {9B8A1E8C-1E1D-47B7-BED0-02F4297DA60F}
	EndGlobalSection
EndGlobal
